
Microsoft Visual Studio Solution File, Format Version 12.00
# Visual Studio 2015
Project("{FAE04EC0-301F-11D3-BF4B-00C04F79EFBC}") = "UnityTracking v2.CSharp.Plugins", "UnityTracking v2.CSharp.Plugins.csproj", "{6F6A4435-A716-5677-24C4-451994C402A7}"
EndProject
Project("{FAE04EC0-301F-11D3-BF4B-00C04F79EFBC}") = "UnityTracking v2.CSharp", "UnityTracking v2.CSharp.csproj", "{AD2BA060-ABB7-A2C1-F602-ABC2D9AC6E7A}"
EndProject
Project("{FAE04EC0-301F-11D3-BF4B-00C04F79EFBC}") = "UnityTracking v2.CSharp.Editor", "UnityTracking v2.CSharp.Editor.csproj", "{4790915C-C552-6AE4-4300-C6F564691C30}"
EndProject
Global
	GlobalSection(SolutionConfigurationPlatforms) = preSolution
		Debug|Any CPU = Debug|Any CPU
		Release|Any CPU = Release|Any CPU
	EndGlobalSection
	GlobalSection(ProjectConfigurationPlatforms) = postSolution
		{6F6A4435-A716-5677-24C4-451994C402A7}.Debug|Any CPU.ActiveCfg = Debug|Any CPU
		{6F6A4435-A716-5677-24C4-451994C402A7}.Debug|Any CPU.Build.0 = Debug|Any CPU
		{6F6A4435-A716-5677-24C4-451994C402A7}.Release|Any CPU.ActiveCfg = Release|Any CPU
		{6F6A4435-A716-5677-24C4-451994C402A7}.Release|Any CPU.Build.0 = Release|Any CPU
		{AD2BA060-ABB7-A2C1-F602-ABC2D9AC6E7A}.Debug|Any CPU.ActiveCfg = Debug|Any CPU
		{AD2BA060-ABB7-A2C1-F602-ABC2D9AC6E7A}.Debug|Any CPU.Build.0 = Debug|Any CPU
		{AD2BA060-ABB7-A2C1-F602-ABC2D9AC6E7A}.Release|Any CPU.ActiveCfg = Release|Any CPU
		{AD2BA060-ABB7-A2C1-F602-ABC2D9AC6E7A}.Release|Any CPU.Build.0 = Release|Any CPU
		{4790915C-C552-6AE4-4300-C6F564691C30}.Debug|Any CPU.ActiveCfg = Debug|Any CPU
		{4790915C-C552-6AE4-4300-C6F564691C30}.Debug|Any CPU.Build.0 = Debug|Any CPU
		{4790915C-C552-6AE4-4300-C6F564691C30}.Release|Any CPU.ActiveCfg = Release|Any CPU
		{4790915C-C552-6AE4-4300-C6F564691C30}.Release|Any CPU.Build.0 = Release|Any CPU
	EndGlobalSection
	GlobalSection(SolutionProperties) = preSolution
		HideSolutionNode = FALSE
	EndGlobalSection
EndGlobal
